// !$*UTF8*$!
{
	archiveVersion = 1;
	classes = {
	};
	objectVersion = 48;
	objects = {

/* Begin PBXBuildFile section */
		6C453E862052FC2000CB06D1 /* AppDelegate.swift in Sources */ = {isa = PBXBuildFile; fileRef = 6C453E852052FC2000CB06D1 /* AppDelegate.swift */; };
		6C453E882052FC2000CB06D1 /* ViewController.swift in Sources */ = {isa = PBXBuildFile; fileRef = 6C453E872052FC2000CB06D1 /* ViewController.swift */; };
		6C453E8B2052FC2000CB06D1 /* Main.storyboard in Resources */ = {isa = PBXBuildFile; fileRef = 6C453E892052FC2000CB06D1 /* Main.storyboard */; };
		6C453E8E2052FC2000CB06D1 /* NewsApp.xcdatamodeld in Sources */ = {isa = PBXBuildFile; fileRef = 6C453E8C2052FC2000CB06D1 /* NewsApp.xcdatamodeld */; };
		6C453E902052FC2000CB06D1 /* Assets.xcassets in Resources */ = {isa = PBXBuildFile; fileRef = 6C453E8F2052FC2000CB06D1 /* Assets.xcassets */; };
		6C453E932052FC2000CB06D1 /* LaunchScreen.storyboard in Resources */ = {isa = PBXBuildFile; fileRef = 6C453E912052FC2000CB06D1 /* LaunchScreen.storyboard */; };
		6C453E9E2052FC2000CB06D1 /* NewsAppTests.swift in Sources */ = {isa = PBXBuildFile; fileRef = 6C453E9D2052FC2000CB06D1 /* NewsAppTests.swift */; };
		6C453EA92052FC2000CB06D1 /* NewsAppUITests.swift in Sources */ = {isa = PBXBuildFile; fileRef = 6C453EA82052FC2000CB06D1 /* NewsAppUITests.swift */; };
/* End PBXBuildFile section */

/* Begin PBXContainerItemProxy section */
		6C453E9A2052FC2000CB06D1 /* PBXContainerItemProxy */ = {
			isa = PBXContainerItemProxy;
			containerPortal = 6C453E7A2052FC2000CB06D1 /* Project object */;
			proxyType = 1;
			remoteGlobalIDString = 6C453E812052FC2000CB06D1;
			remoteInfo = NewsApp;
		};
		6C453EA52052FC2000CB06D1 /* PBXContainerItemProxy */ = {
			isa = PBXContainerItemProxy;
			containerPortal = 6C453E7A2052FC2000CB06D1 /* Project object */;
			proxyType = 1;
			remoteGlobalIDString = 6C453E812052FC2000CB06D1;
			remoteInfo = NewsApp;
		};
/* End PBXContainerItemProxy section */

/* Begin PBXFileReference section */
		6C453E822052FC2000CB06D1 /* NewsApp.app */ = {isa = PBXFileReference; explicitFileType = wrapper.application; includeInIndex = 0; path = NewsApp.app; sourceTree = BUILT_PRODUCTS_DIR; };
		6C453E852052FC2000CB06D1 /* AppDelegate.swift */ = {isa = PBXFileReference; lastKnownFileType = sourcecode.swift; path = AppDelegate.swift; sourceTree = "<group>"; };
		6C453E872052FC2000CB06D1 /* ViewController.swift */ = {isa = PBXFileReference; lastKnownFileType = sourcecode.swift; path = ViewController.swift; sourceTree = "<group>"; };
		6C453E8A2052FC2000CB06D1 /* Base */ = {isa = PBXFileReference; lastKnownFileType = file.storyboard; name = Base; path = Base.lproj/Main.storyboard; sourceTree = "<group>"; };
		6C453E8D2052FC2000CB06D1 /* NewsApp.xcdatamodel */ = {isa = PBXFileReference; lastKnownFileType = wrapper.xcdatamodel; path = NewsApp.xcdatamodel; sourceTree = "<group>"; };
		6C453E8F2052FC2000CB06D1 /* Assets.xcassets */ = {isa = PBXFileReference; lastKnownFileType = folder.assetcatalog; path = Assets.xcassets; sourceTree = "<group>"; };
		6C453E922052FC2000CB06D1 /* Base */ = {isa = PBXFileReference; lastKnownFileType = file.storyboard; name = Base; path = Base.lproj/LaunchScreen.storyboard; sourceTree = "<group>"; };
		6C453E942052FC2000CB06D1 /* Info.plist */ = {isa = PBXFileReference; lastKnownFileType = text.plist.xml; path = Info.plist; sourceTree = "<group>"; };
		6C453E992052FC2000CB06D1 /* NewsAppTests.xctest */ = {isa = PBXFileReference; explicitFileType = wrapper.cfbundle; includeInIndex = 0; path = NewsAppTests.xctest; sourceTree = BUILT_PRODUCTS_DIR; };
		6C453E9D2052FC2000CB06D1 /* NewsAppTests.swift */ = {isa = PBXFileReference; lastKnownFileType = sourcecode.swift; path = NewsAppTests.swift; sourceTree = "<group>"; };
		6C453E9F2052FC2000CB06D1 /* Info.plist */ = {isa = PBXFileReference; lastKnownFileType = text.plist.xml; path = Info.plist; sourceTree = "<group>"; };
		6C453EA42052FC2000CB06D1 /* NewsAppUITests.xctest */ = {isa = PBXFileReference; explicitFileType = wrapper.cfbundle; includeInIndex = 0; path = NewsAppUITests.xctest; sourceTree = BUILT_PRODUCTS_DIR; };
		6C453EA82052FC2000CB06D1 /* NewsAppUITests.swift */ = {isa = PBXFileReference; lastKnownFileType = sourcecode.swift; path = NewsAppUITests.swift; sourceTree = "<group>"; };
		6C453EAA2052FC2000CB06D1 /* Info.plist */ = {isa = PBXFileReference; lastKnownFileType = text.plist.xml; path = Info.plist; sourceTree = "<group>"; };
/* End PBXFileReference section */

/* Begin PBXFrameworksBuildPhase section */
		6C453E7F2052FC2000CB06D1 /* Frameworks */ = {
			isa = PBXFrameworksBuildPhase;
			buildActionMask = 2147483647;
			files = (
			);
			runOnlyForDeploymentPostprocessing = 0;
		};
		6C453E962052FC2000CB06D1 /* Frameworks */ = {
			isa = PBXFrameworksBuildPhase;
			buildActionMask = 2147483647;
			files = (
			);
			runOnlyForDeploymentPostprocessing = 0;
		};
		6C453EA12052FC2000CB06D1 /* Frameworks */ = {
			isa = PBXFrameworksBuildPhase;
			buildActionMask = 2147483647;
			files = (
			);
			runOnlyForDeploymentPostprocessing = 0;
		};
/* End PBXFrameworksBuildPhase section */

/* Begin PBXGroup section */
		6C453E792052FC2000CB06D1 = {
			isa = PBXGroup;
			children = (
				6C453E842052FC2000CB06D1 /* NewsApp */,
				6C453E9C2052FC2000CB06D1 /* NewsAppTests */,
				6C453EA72052FC2000CB06D1 /* NewsAppUITests */,
				6C453E832052FC2000CB06D1 /* Products */,
			);
			sourceTree = "<group>";
		};
		6C453E832052FC2000CB06D1 /* Products */ = {
			isa = PBXGroup;
			children = (
				6C453E822052FC2000CB06D1 /* NewsApp.app */,
				6C453E992052FC2000CB06D1 /* NewsAppTests.xctest */,
				6C453EA42052FC2000CB06D1 /* NewsAppUITests.xctest */,
			);
			name = Products;
			sourceTree = "<group>";
		};
		6C453E842052FC2000CB06D1 /* NewsApp */ = {
			isa = PBXGroup;
			children = (
				6C453E852052FC2000CB06D1 /* AppDelegate.swift */,
				6C453E872052FC2000CB06D1 /* ViewController.swift */,
				6C453E892052FC2000CB06D1 /* Main.storyboard */,
				6C453E8F2052FC2000CB06D1 /* Assets.xcassets */,
				6C453E912052FC2000CB06D1 /* LaunchScreen.storyboard */,
				6C453E942052FC2000CB06D1 /* Info.plist */,
				6C453E8C2052FC2000CB06D1 /* NewsApp.xcdatamodeld */,
			);
			path = NewsApp;
			sourceTree = "<group>";
		};
		6C453E9C2052FC2000CB06D1 /* NewsAppTests */ = {
			isa = PBXGroup;
			children = (
				6C453E9D2052FC2000CB06D1 /* NewsAppTests.swift */,
				6C453E9F2052FC2000CB06D1 /* Info.plist */,
			);
			path = NewsAppTests;
			sourceTree = "<group>";
		};
		6C453EA72052FC2000CB06D1 /* NewsAppUITests */ = {
			isa = PBXGroup;
			children = (
				6C453EA82052FC2000CB06D1 /* NewsAppUITests.swift */,
				6C453EAA2052FC2000CB06D1 /* Info.plist */,
			);
			path = NewsAppUITests;
			sourceTree = "<group>";
		};
/* End PBXGroup section */

/* Begin PBXNativeTarget section */
		6C453E812052FC2000CB06D1 /* NewsApp */ = {
			isa = PBXNativeTarget;
			buildConfigurationList = 6C453EAD2052FC2000CB06D1 /* Build configuration list for PBXNativeTarget "NewsApp" */;
			buildPhases = (
				6C453E7E2052FC2000CB06D1 /* Sources */,
				6C453E7F2052FC2000CB06D1 /* Frameworks */,
				6C453E802052FC2000CB06D1 /* Resources */,
			);
			buildRules = (
			);
			dependencies = (
			);
			name = NewsApp;
			productName = NewsApp;
			productReference = 6C453E822052FC2000CB06D1 /* NewsApp.app */;
			productType = "com.apple.product-type.application";
		};
		6C453E982052FC2000CB06D1 /* NewsAppTests */ = {
			isa = PBXNativeTarget;
			buildConfigurationList = 6C453EB02052FC2000CB06D1 /* Build configuration list for PBXNativeTarget "NewsAppTests" */;
			buildPhases = (
				6C453E952052FC2000CB06D1 /* Sources */,
				6C453E962052FC2000CB06D1 /* Frameworks */,
				6C453E972052FC2000CB06D1 /* Resources */,
			);
			buildRules = (
			);
			dependencies = (
				6C453E9B2052FC2000CB06D1 /* PBXTargetDependency */,
			);
			name = NewsAppTests;
			productName = NewsAppTests;
			productReference = 6C453E992052FC2000CB06D1 /* NewsAppTests.xctest */;
			productType = "com.apple.product-type.bundle.unit-test";
		};
		6C453EA32052FC2000CB06D1 /* NewsAppUITests */ = {
			isa = PBXNativeTarget;
			buildConfigurationList = 6C453EB32052FC2000CB06D1 /* Build configuration list for PBXNativeTarget "NewsAppUITests" */;
			buildPhases = (
				6C453EA02052FC2000CB06D1 /* Sources */,
				6C453EA12052FC2000CB06D1 /* Frameworks */,
				6C453EA22052FC2000CB06D1 /* Resources */,
			);
			buildRules = (
			);
			dependencies = (
				6C453EA62052FC2000CB06D1 /* PBXTargetDependency */,
			);
			name = NewsAppUITests;
			productName = NewsAppUITests;
			productReference = 6C453EA42052FC2000CB06D1 /* NewsAppUITests.xctest */;
			productType = "com.apple.product-type.bundle.ui-testing";
		};
/* End PBXNativeTarget section */

/* Begin PBXProject section */
		6C453E7A2052FC2000CB06D1 /* Project object */ = {
			isa = PBXProject;
			attributes = {
				LastSwiftUpdateCheck = 0920;
				LastUpgradeCheck = 0920;
				ORGANIZATIONNAME = "Lourenço Gomes";
				TargetAttributes = {
					6C453E812052FC2000CB06D1 = {
						CreatedOnToolsVersion = 9.2;
						ProvisioningStyle = Automatic;
					};
					6C453E982052FC2000CB06D1 = {
						CreatedOnToolsVersion = 9.2;
						ProvisioningStyle = Automatic;
						TestTargetID = 6C453E812052FC2000CB06D1;
					};
					6C453EA32052FC2000CB06D1 = {
						CreatedOnToolsVersion = 9.2;
						ProvisioningStyle = Automatic;
						TestTargetID = 6C453E812052FC2000CB06D1;
					};
				};
			};
			buildConfigurationList = 6C453E7D2052FC2000CB06D1 /* Build configuration list for PBXProject "NewsApp" */;
			compatibilityVersion = "Xcode 8.0";
			developmentRegion = en;
			hasScannedForEncodings = 0;
			knownRegions = (
				en,
				Base,
			);
			mainGroup = 6C453E792052FC2000CB06D1;
			productRefGroup = 6C453E832052FC2000CB06D1 /* Products */;
			projectDirPath = "";
			projectRoot = "";
			targets = (
				6C453E812052FC2000CB06D1 /* NewsApp */,
				6C453E982052FC2000CB06D1 /* NewsAppTests */,
				6C453EA32052FC2000CB06D1 /* NewsAppUITests */,
			);
		};
/* End PBXProject section */

/* Begin PBXResourcesBuildPhase section */
		6C453E802052FC2000CB06D1 /* Resources */ = {
			isa = PBXResourcesBuildPhase;
			buildActionMask = 2147483647;
			files = (
				6C453E932052FC2000CB06D1 /* LaunchScreen.storyboard in Resources */,
				6C453E902052FC2000CB06D1 /* Assets.xcassets in Resources */,
				6C453E8B2052FC2000CB06D1 /* Main.storyboard in Resources */,
			);
			runOnlyForDeploymentPostprocessing = 0;
		};
		6C453E972052FC2000CB06D1 /* Resources */ = {
			isa = PBXResourcesBuildPhase;
			buildActionMask = 2147483647;
			files = (
			);
			runOnlyForDeploymentPostprocessing = 0;
		};
		6C453EA22052FC2000CB06D1 /* Resources */ = {
			isa = PBXResourcesBuildPhase;
			buildActionMask = 2147483647;
			files = (
			);
			runOnlyForDeploymentPostprocessing = 0;
		};
/* End PBXResourcesBuildPhase section */

/* Begin PBXSourcesBuildPhase section */
		6C453E7E2052FC2000CB06D1 /* Sources */ = {
			isa = PBXSourcesBuildPhase;
			buildActionMask = 2147483647;
			files = (
				6C453E882052FC2000CB06D1 /* ViewController.swift in Sources */,
				6C453E862052FC2000CB06D1 /* AppDelegate.swift in Sources */,
				6C453E8E2052FC2000CB06D1 /* NewsApp.xcdatamodeld in Sources */,
			);
			runOnlyForDeploymentPostprocessing = 0;
		};
		6C453E952052FC2000CB06D1 /* Sources */ = {
			isa = PBXSourcesBuildPhase;
			buildActionMask = 2147483647;
			files = (
				6C453E9E2052FC2000CB06D1 /* NewsAppTests.swift in Sources */,
			);
			runOnlyForDeploymentPostprocessing = 0;
		};
		6C453EA02052FC2000CB06D1 /* Sources */ = {
			isa = PBXSourcesBuildPhase;
			buildActionMask = 2147483647;
			files = (
				6C453EA92052FC2000CB06D1 /* NewsAppUITests.swift in Sources */,
			);
			runOnlyForDeploymentPostprocessing = 0;
		};
/* End PBXSourcesBuildPhase section */

/* Begin PBXTargetDependency section */
		6C453E9B2052FC2000CB06D1 /* PBXTargetDependency */ = {
			isa = PBXTargetDependency;
			target = 6C453E812052FC2000CB06D1 /* NewsApp */;
			targetProxy = 6C453E9A2052FC2000CB06D1 /* PBXContainerItemProxy */;
		};
		6C453EA62052FC2000CB06D1 /* PBXTargetDependency */ = {
			isa = PBXTargetDependency;
			target = 6C453E812052FC2000CB06D1 /* NewsApp */;
			targetProxy = 6C453EA52052FC2000CB06D1 /* PBXContainerItemProxy */;
		};
/* End PBXTargetDependency section */

/* Begin PBXVariantGroup section */
		6C453E892052FC2000CB06D1 /* Main.storyboard */ = {
			isa = PBXVariantGroup;
			children = (
				6C453E8A2052FC2000CB06D1 /* Base */,
			);
			name = Main.storyboard;
			sourceTree = "<group>";
		};
		6C453E912052FC2000CB06D1 /* LaunchScreen.storyboard */ = {
			isa = PBXVariantGroup;
			children = (
				6C453E922052FC2000CB06D1 /* Base */,
			);
			name = LaunchScreen.storyboard;
			sourceTree = "<group>";
		};
/* End PBXVariantGroup section */

/* Begin XCBuildConfiguration section */
		6C453EAB2052FC2000CB06D1 /* Debug */ = {
			isa = XCBuildConfiguration;
			buildSettings = {
				ALWAYS_SEARCH_USER_PATHS = NO;
				CLANG_ANALYZER_NONNULL = YES;
				CLANG_ANALYZER_NUMBER_OBJECT_CONVERSION = YES_AGGRESSIVE;
				CLANG_CXX_LANGUAGE_STANDARD = "gnu++14";
				CLANG_CXX_LIBRARY = "libc++";
				CLANG_ENABLE_MODULES = YES;
				CLANG_ENABLE_OBJC_ARC = YES;
				CLANG_WARN_BLOCK_CAPTURE_AUTORELEASING = YES;
				CLANG_WARN_BOOL_CONVERSION = YES;
				CLANG_WARN_COMMA = YES;
				CLANG_WARN_CONSTANT_CONVERSION = YES;
				CLANG_WARN_DIRECT_OBJC_ISA_USAGE = YES_ERROR;
				CLANG_WARN_DOCUMENTATION_COMMENTS = YES;
				CLANG_WARN_EMPTY_BODY = YES;
				CLANG_WARN_ENUM_CONVERSION = YES;
				CLANG_WARN_INFINITE_RECURSION = YES;
				CLANG_WARN_INT_CONVERSION = YES;
				CLANG_WARN_NON_LITERAL_NULL_CONVERSION = YES;
				CLANG_WARN_OBJC_LITERAL_CONVERSION = YES;
				CLANG_WARN_OBJC_ROOT_CLASS = YES_ERROR;
				CLANG_WARN_RANGE_LOOP_ANALYSIS = YES;
				CLANG_WARN_STRICT_PROTOTYPES = YES;
				CLANG_WARN_SUSPICIOUS_MOVE = YES;
				CLANG_WARN_UNGUARDED_AVAILABILITY = YES_AGGRESSIVE;
				CLANG_WARN_UNREACHABLE_CODE = YES;
				CLANG_WARN__DUPLICATE_METHOD_MATCH = YES;
				CODE_SIGN_IDENTITY = "iPhone Developer";
				COPY_PHASE_STRIP = NO;
				DEBUG_INFORMATION_FORMAT = dwarf;
				ENABLE_STRICT_OBJC_MSGSEND = YES;
				ENABLE_TESTABILITY = YES;
				GCC_C_LANGUAGE_STANDARD = gnu11;
				GCC_DYNAMIC_NO_PIC = NO;
				GCC_NO_COMMON_BLOCKS = YES;
				GCC_OPTIMIZATION_LEVEL = 0;
				GCC_PREPROCESSOR_DEFINITIONS = (
					"DEBUG=1",
					"$(inherited)",
				);
				GCC_WARN_64_TO_32_BIT_CONVERSION = YES;
				GCC_WARN_ABOUT_RETURN_TYPE = YES_ERROR;
				GCC_WARN_UNDECLARED_SELECTOR = YES;
				GCC_WARN_UNINITIALIZED_AUTOS = YES_AGGRESSIVE;
				GCC_WARN_UNUSED_FUNCTION = YES;
				GCC_WARN_UNUSED_VARIABLE = YES;
				IPHONEOS_DEPLOYMENT_TARGET = 11.2;
				MTL_ENABLE_DEBUG_INFO = YES;
				ONLY_ACTIVE_ARCH = YES;
				SDKROOT = iphoneos;
				SWIFT_ACTIVE_COMPILATION_CONDITIONS = DEBUG;
				SWIFT_OPTIMIZATION_LEVEL = "-Onone";
			};
			name = Debug;
		};
		6C453EAC2052FC2000CB06D1 /* Release */ = {
			isa = XCBuildConfiguration;
			buildSettings = {
				ALWAYS_SEARCH_USER_PATHS = NO;
				CLANG_ANALYZER_NONNULL = YES;
				CLANG_ANALYZER_NUMBER_OBJECT_CONVERSION = YES_AGGRESSIVE;
				CLANG_CXX_LANGUAGE_STANDARD = "gnu++14";
				CLANG_CXX_LIBRARY = "libc++";
				CLANG_ENABLE_MODULES = YES;
				CLANG_ENABLE_OBJC_ARC = YES;
				CLANG_WARN_BLOCK_CAPTURE_AUTORELEASING = YES;
				CLANG_WARN_BOOL_CONVERSION = YES;
				CLANG_WARN_COMMA = YES;
				CLANG_WARN_CONSTANT_CONVERSION = YES;
				CLANG_WARN_DIRECT_OBJC_ISA_USAGE = YES_ERROR;
				CLANG_WARN_DOCUMENTATION_COMMENTS = YES;
				CLANG_WARN_EMPTY_BODY = YES;
				CLANG_WARN_ENUM_CONVERSION = YES;
				CLANG_WARN_INFINITE_RECURSION = YES;
				CLANG_WARN_INT_CONVERSION = YES;
				CLANG_WARN_NON_LITERAL_NULL_CONVERSION = YES;
				CLANG_WARN_OBJC_LITERAL_CONVERSION = YES;
				CLANG_WARN_OBJC_ROOT_CLASS = YES_ERROR;
				CLANG_WARN_RANGE_LOOP_ANALYSIS = YES;
				CLANG_WARN_STRICT_PROTOTYPES = YES;
				CLANG_WARN_SUSPICIOUS_MOVE = YES;
				CLANG_WARN_UNGUARDED_AVAILABILITY = YES_AGGRESSIVE;
				CLANG_WARN_UNREACHABLE_CODE = YES;
				CLANG_WARN__DUPLICATE_METHOD_MATCH = YES;
				CODE_SIGN_IDENTITY = "iPhone Developer";
				COPY_PHASE_STRIP = NO;
				DEBUG_INFORMATION_FORMAT = "dwarf-with-dsym";
				ENABLE_NS_ASSERTIONS = NO;
				ENABLE_STRICT_OBJC_MSGSEND = YES;
				GCC_C_LANGUAGE_STANDARD = gnu11;
				GCC_NO_COMMON_BLOCKS = YES;
				GCC_WARN_64_TO_32_BIT_CONVERSION = YES;
				GCC_WARN_ABOUT_RETURN_TYPE = YES_ERROR;
				GCC_WARN_UNDECLARED_SELECTOR = YES;
				GCC_WARN_UNINITIALIZED_AUTOS = YES_AGGRESSIVE;
				GCC_WARN_UNUSED_FUNCTION = YES;
				GCC_WARN_UNUSED_VARIABLE = YES;
				IPHONEOS_DEPLOYMENT_TARGET = 11.2;
				MTL_ENABLE_DEBUG_INFO = NO;
				SDKROOT = iphoneos;
				SWIFT_OPTIMIZATION_LEVEL = "-Owholemodule";
				VALIDATE_PRODUCT = YES;
			};
			name = Release;
		};
		6C453EAE2052FC2000CB06D1 /* Debug */ = {
			isa = XCBuildConfiguration;
			buildSettings = {
				ASSETCATALOG_COMPILER_APPICON_NAME = AppIcon;
				CODE_SIGN_STYLE = Automatic;
				DEVELOPMENT_TEAM = BH692B86TQ;
				INFOPLIST_FILE = NewsApp/Info.plist;
				LD_RUNPATH_SEARCH_PATHS = "$(inherited) @executable_path/Frameworks";
				PRODUCT_BUNDLE_IDENTIFIER = ipca.utility.NewsApp;
				PRODUCT_NAME = "$(TARGET_NAME)";
				SWIFT_VERSION = 4.0;
				TARGETED_DEVICE_FAMILY = "1,2";
			};
			name = Debug;
		};
		6C453EAF2052FC2000CB06D1 /* Release */ = {
			isa = XCBuildConfiguration;
			buildSettings = {
				ASSETCATALOG_COMPILER_APPICON_NAME = AppIcon;
				CODE_SIGN_STYLE = Automatic;
				DEVELOPMENT_TEAM = BH692B86TQ;
				INFOPLIST_FILE = NewsApp/Info.plist;
				LD_RUNPATH_SEARCH_PATHS = "$(inherited) @executable_path/Frameworks";
				PRODUCT_BUNDLE_IDENTIFIER = ipca.utility.NewsApp;
				PRODUCT_NAME = "$(TARGET_NAME)";
				SWIFT_VERSION = 4.0;
				TARGETED_DEVICE_FAMILY = "1,2";
			};
			name = Release;
		};
		6C453EB12052FC2000CB06D1 /* Debug */ = {
			isa = XCBuildConfiguration;
			buildSettings = {
				ALWAYS_EMBED_SWIFT_STANDARD_LIBRARIES = YES;
				BUNDLE_LOADER = "$(TEST_HOST)";
				CODE_SIGN_STYLE = Automatic;
				DEVELOPMENT_TEAM = BH692B86TQ;
				INFOPLIST_FILE = NewsAppTests/Info.plist;
				LD_RUNPATH_SEARCH_PATHS = "$(inherited) @executable_path/Frameworks @loader_path/Frameworks";
				PRODUCT_BUNDLE_IDENTIFIER = ipca.utility.NewsAppTests;
				PRODUCT_NAME = "$(TARGET_NAME)";
				SWIFT_VERSION = 4.0;
				TARGETED_DEVICE_FAMILY = "1,2";
				TEST_HOST = "$(BUILT_PRODUCTS_DIR)/NewsApp.app/NewsApp";
			};
			name = Debug;
		};
		6C453EB22052FC2000CB06D1 /* Release */ = {
			isa = XCBuildConfiguration;
			buildSettings = {
				ALWAYS_EMBED_SWIFT_STANDARD_LIBRARIES = YES;
				BUNDLE_LOADER = "$(TEST_HOST)";
				CODE_SIGN_STYLE = Automatic;
				DEVELOPMENT_TEAM = BH692B86TQ;
				INFOPLIST_FILE = NewsAppTests/Info.plist;
				LD_RUNPATH_SEARCH_PATHS = "$(inherited) @executable_path/Frameworks @loader_path/Frameworks";
				PRODUCT_BUNDLE_IDENTIFIER = ipca.utility.NewsAppTests;
				PRODUCT_NAME = "$(TARGET_NAME)";
				SWIFT_VERSION = 4.0;
				TARGETED_DEVICE_FAMILY = "1,2";
				TEST_HOST = "$(BUILT_PRODUCTS_DIR)/NewsApp.app/NewsApp";
			};
			name = Release;
		};
		6C453EB42052FC2000CB06D1 /* Debug */ = {
			isa = XCBuildConfiguration;
			buildSettings = {
				ALWAYS_EMBED_SWIFT_STANDARD_LIBRARIES = YES;
				CODE_SIGN_STYLE = Automatic;
				DEVELOPMENT_TEAM = BH692B86TQ;
				INFOPLIST_FILE = NewsAppUITests/Info.plist;
				LD_RUNPATH_SEARCH_PATHS = "$(inherited) @executable_path/Frameworks @loader_path/Frameworks";
				PRODUCT_BUNDLE_IDENTIFIER = ipca.utility.NewsAppUITests;
				PRODUCT_NAME = "$(TARGET_NAME)";
				SWIFT_VERSION = 4.0;
				TARGETED_DEVICE_FAMILY = "1,2";
				TEST_TARGET_NAME = NewsApp;
			};
			name = Debug;
		};
		6C453EB52052FC2000CB06D1 /* Release */ = {
			isa = XCBuildConfiguration;
			buildSettings = {
				ALWAYS_EMBED_SWIFT_STANDARD_LIBRARIES = YES;
				CODE_SIGN_STYLE = Automatic;
				DEVELOPMENT_TEAM = BH692B86TQ;
				INFOPLIST_FILE = NewsAppUITests/Info.plist;
				LD_RUNPATH_SEARCH_PATHS = "$(inherited) @executable_path/Frameworks @loader_path/Frameworks";
				PRODUCT_BUNDLE_IDENTIFIER = ipca.utility.NewsAppUITests;
				PRODUCT_NAME = "$(TARGET_NAME)";
				SWIFT_VERSION = 4.0;
				TARGETED_DEVICE_FAMILY = "1,2";
				TEST_TARGET_NAME = NewsApp;
			};
			name = Release;
		};
/* End XCBuildConfiguration section */

/* Begin XCConfigurationList section */
		6C453E7D2052FC2000CB06D1 /* Build configuration list for PBXProject "NewsApp" */ = {
			isa = XCConfigurationList;
			buildConfigurations = (
				6C453EAB2052FC2000CB06D1 /* Debug */,
				6C453EAC2052FC2000CB06D1 /* Release */,
			);
			defaultConfigurationIsVisible = 0;
			defaultConfigurationName = Release;
		};
		6C453EAD2052FC2000CB06D1 /* Build configuration list for PBXNativeTarget "NewsApp" */ = {
			isa = XCConfigurationList;
			buildConfigurations = (
				6C453EAE2052FC2000CB06D1 /* Debug */,
				6C453EAF2052FC2000CB06D1 /* Release */,
			);
			defaultConfigurationIsVisible = 0;
			defaultConfigurationName = Release;
		};
		6C453EB02052FC2000CB06D1 /* Build configuration list for PBXNativeTarget "NewsAppTests" */ = {
			isa = XCConfigurationList;
			buildConfigurations = (
				6C453EB12052FC2000CB06D1 /* Debug */,
				6C453EB22052FC2000CB06D1 /* Release */,
			);
			defaultConfigurationIsVisible = 0;
			defaultConfigurationName = Release;
		};
		6C453EB32052FC2000CB06D1 /* Build configuration list for PBXNativeTarget "NewsAppUITests" */ = {
			isa = XCConfigurationList;
			buildConfigurations = (
				6C453EB42052FC2000CB06D1 /* Debug */,
				6C453EB52052FC2000CB06D1 /* Release */,
			);
			defaultConfigurationIsVisible = 0;
			defaultConfigurationName = Release;
		};
/* End XCConfigurationList section */

/* Begin XCVersionGroup section */
		6C453E8C2052FC2000CB06D1 /* NewsApp.xcdatamodeld */ = {
			isa = XCVersionGroup;
			children = (
				6C453E8D2052FC2000CB06D1 /* NewsApp.xcdatamodel */,
			);
			currentVersion = 6C453E8D2052FC2000CB06D1 /* NewsApp.xcdatamodel */;
			path = NewsApp.xcdatamodeld;
			sourceTree = "<group>";
			versionGroupType = wrapper.xcdatamodel;
		};
/* End XCVersionGroup section */
	};
	rootObject = 6C453E7A2052FC2000CB06D1 /* Project object */;
}
